// !$*UTF8*$!
{
	archiveVersion = 1;
	classes = {
	};
	objectVersion = 46;
	objects = {

/* Begin PBXBuildFile section */
		0717C21727CB37EC00FDAD22 /* LocalizedTimeAgo.strings in Resources */ = {isa = PBXBuildFile; fileRef = 0717C1EC27CB37EC00FDAD22 /* LocalizedTimeAgo.strings */; };
		0717C21827CB37EC00FDAD22 /* LocalizedTimeAgo.strings in Resources */ = {isa = PBXBuildFile; fileRef = 0717C1EC27CB37EC00FDAD22 /* LocalizedTimeAgo.strings */; };
		0717C21927CB37EC00FDAD22 /* LocalizedTimeAgo.strings in Resources */ = {isa = PBXBuildFile; fileRef = 0717C1EC27CB37EC00FDAD22 /* LocalizedTimeAgo.strings */; };
		0717C21A27CB37EC00FDAD22 /* LocalizedTimeAgo.strings in Resources */ = {isa = PBXBuildFile; fileRef = 0717C1EC27CB37EC00FDAD22 /* LocalizedTimeAgo.strings */; };
		9BF78C92235387120029E819 /* LocalizedTimeAgo.h in Headers */ = {isa = PBXBuildFile; fileRef = 9BF78C8C235387120029E819 /* LocalizedTimeAgo.h */; settings = {ATTRIBUTES = (Public, ); }; };
		9BF78C93235387120029E819 /* LocalizedTimeAgo.h in Headers */ = {isa = PBXBuildFile; fileRef = 9BF78C8C235387120029E819 /* LocalizedTimeAgo.h */; settings = {ATTRIBUTES = (Public, ); }; };
		9BF78C94235387120029E819 /* LocalizedTimeAgo.h in Headers */ = {isa = PBXBuildFile; fileRef = 9BF78C8C235387120029E819 /* LocalizedTimeAgo.h */; settings = {ATTRIBUTES = (Public, ); }; };
		9BF78C95235387120029E819 /* LocalizedTimeAgo.h in Headers */ = {isa = PBXBuildFile; fileRef = 9BF78C8C235387120029E819 /* LocalizedTimeAgo.h */; settings = {ATTRIBUTES = (Public, ); }; };
		9BF78C96235387120029E819 /* LocalizedTimeAgo.swift in Sources */ = {isa = PBXBuildFile; fileRef = 9BF78C8D235387120029E819 /* LocalizedTimeAgo.swift */; };
		9BF78C97235387120029E819 /* LocalizedTimeAgo.swift in Sources */ = {isa = PBXBuildFile; fileRef = 9BF78C8D235387120029E819 /* LocalizedTimeAgo.swift */; };
		9BF78C98235387120029E819 /* LocalizedTimeAgo.swift in Sources */ = {isa = PBXBuildFile; fileRef = 9BF78C8D235387120029E819 /* LocalizedTimeAgo.swift */; };
		9BF78C99235387120029E819 /* LocalizedTimeAgo.swift in Sources */ = {isa = PBXBuildFile; fileRef = 9BF78C8D235387120029E819 /* LocalizedTimeAgo.swift */; };
/* End PBXBuildFile section */

/* Begin PBXFileReference section */
		0717C1ED27CB37EC00FDAD22 /* de */ = {isa = PBXFileReference; lastKnownFileType = text.plist.strings; name = de; path = de.lproj/LocalizedTimeAgo.strings; sourceTree = "<group>"; };
		0717C1EE27CB37EC00FDAD22 /* he */ = {isa = PBXFileReference; lastKnownFileType = text.plist.strings; name = he; path = he.lproj/LocalizedTimeAgo.strings; sourceTree = "<group>"; };
		0717C1EF27CB37EC00FDAD22 /* ar */ = {isa = PBXFileReference; lastKnownFileType = text.plist.strings; name = ar; path = ar.lproj/LocalizedTimeAgo.strings; sourceTree = "<group>"; };
		0717C1F027CB37EC00FDAD22 /* zh-Hans */ = {isa = PBXFileReference; lastKnownFileType = text.plist.strings; name = "zh-Hans"; path = "zh-Hans.lproj/LocalizedTimeAgo.strings"; sourceTree = "<group>"; };
		0717C1F127CB37EC00FDAD22 /* ja */ = {isa = PBXFileReference; lastKnownFileType = text.plist.strings; name = ja; path = ja.lproj/LocalizedTimeAgo.strings; sourceTree = "<group>"; };
		0717C1F227CB37EC00FDAD22 /* eu */ = {isa = PBXFileReference; lastKnownFileType = text.plist.strings; name = eu; path = eu.lproj/LocalizedTimeAgo.strings; sourceTree = "<group>"; };
		0717C1F327CB37EC00FDAD22 /* en */ = {isa = PBXFileReference; lastKnownFileType = text.plist.strings; name = en; path = en.lproj/LocalizedTimeAgo.strings; sourceTree = "<group>"; };
		0717C1F427CB37EC00FDAD22 /* uk */ = {isa = PBXFileReference; lastKnownFileType = text.plist.strings; name = uk; path = uk.lproj/LocalizedTimeAgo.strings; sourceTree = "<group>"; };
		0717C1F527CB37EC00FDAD22 /* gu */ = {isa = PBXFileReference; lastKnownFileType = text.plist.strings; name = gu; path = gu.lproj/LocalizedTimeAgo.strings; sourceTree = "<group>"; };
		0717C1F627CB37EC00FDAD22 /* nb */ = {isa = PBXFileReference; lastKnownFileType = text.plist.strings; name = nb; path = nb.lproj/LocalizedTimeAgo.strings; sourceTree = "<group>"; };
		0717C1F727CB37EC00FDAD22 /* am */ = {isa = PBXFileReference; lastKnownFileType = text.plist.strings; name = am; path = am.lproj/LocalizedTimeAgo.strings; sourceTree = "<group>"; };
		0717C1F827CB37EC00FDAD22 /* es */ = {isa = PBXFileReference; lastKnownFileType = text.plist.strings; name = es; path = es.lproj/LocalizedTimeAgo.strings; sourceTree = "<group>"; };
		0717C1F927CB37EC00FDAD22 /* is */ = {isa = PBXFileReference; lastKnownFileType = text.plist.strings; name = is; path = is.lproj/LocalizedTimeAgo.strings; sourceTree = "<group>"; };
		0717C1FA27CB37EC00FDAD22 /* sl */ = {isa = PBXFileReference; lastKnownFileType = text.plist.strings; name = sl; path = sl.lproj/LocalizedTimeAgo.strings; sourceTree = "<group>"; };
		0717C1FB27CB37EC00FDAD22 /* da */ = {isa = PBXFileReference; lastKnownFileType = text.plist.strings; name = da; path = da.lproj/LocalizedTimeAgo.strings; sourceTree = "<group>"; };
		0717C1FC27CB37EC00FDAD22 /* it */ = {isa = PBXFileReference; lastKnownFileType = text.plist.strings; name = it; path = it.lproj/LocalizedTimeAgo.strings; sourceTree = "<group>"; };
		0717C1FD27CB37EC00FDAD22 /* bg */ = {isa = PBXFileReference; lastKnownFileType = text.plist.strings; name = bg; path = bg.lproj/LocalizedTimeAgo.strings; sourceTree = "<group>"; };
		0717C1FE27CB37EC00FDAD22 /* sk */ = {isa = PBXFileReference; lastKnownFileType = text.plist.strings; name = sk; path = sk.lproj/LocalizedTimeAgo.strings; sourceTree = "<group>"; };
		0717C1FF27CB37EC00FDAD22 /* ms */ = {isa = PBXFileReference; lastKnownFileType = text.plist.strings; name = ms; path = ms.lproj/LocalizedTimeAgo.strings; sourceTree = "<group>"; };
		0717C20027CB37EC00FDAD22 /* sv */ = {isa = PBXFileReference; lastKnownFileType = text.plist.strings; name = sv; path = sv.lproj/LocalizedTimeAgo.strings; sourceTree = "<group>"; };
		0717C20127CB37EC00FDAD22 /* cs */ = {isa = PBXFileReference; lastKnownFileType = text.plist.strings; name = cs; path = cs.lproj/LocalizedTimeAgo.strings; sourceTree = "<group>"; };
		0717C20227CB37EC00FDAD22 /* ko */ = {isa = PBXFileReference; lastKnownFileType = text.plist.strings; name = ko; path = ko.lproj/LocalizedTimeAgo.strings; sourceTree = "<group>"; };
		0717C20327CB37EC00FDAD22 /* gre */ = {isa = PBXFileReference; lastKnownFileType = text.plist.strings; name = gre; path = gre.lproj/LocalizedTimeAgo.strings; sourceTree = "<group>"; };
		0717C20427CB37EC00FDAD22 /* zh-Hant */ = {isa = PBXFileReference; lastKnownFileType = text.plist.strings; name = "zh-Hant"; path = "zh-Hant.lproj/LocalizedTimeAgo.strings"; sourceTree = "<group>"; };
		0717C20527CB37EC00FDAD22 /* hu */ = {isa = PBXFileReference; lastKnownFileType = text.plist.strings; name = hu; path = hu.lproj/LocalizedTimeAgo.strings; sourceTree = "<group>"; };
		0717C20627CB37EC00FDAD22 /* tr */ = {isa = PBXFileReference; lastKnownFileType = text.plist.strings; name = tr; path = tr.lproj/LocalizedTimeAgo.strings; sourceTree = "<group>"; };
		0717C20727CB37EC00FDAD22 /* pl */ = {isa = PBXFileReference; lastKnownFileType = text.plist.strings; name = pl; path = pl.lproj/LocalizedTimeAgo.strings; sourceTree = "<group>"; };
		0717C20827CB37EC00FDAD22 /* vi */ = {isa = PBXFileReference; lastKnownFileType = text.plist.strings; name = vi; path = vi.lproj/LocalizedTimeAgo.strings; sourceTree = "<group>"; };
		0717C20927CB37EC00FDAD22 /* lv */ = {isa = PBXFileReference; lastKnownFileType = text.plist.strings; name = lv; path = lv.lproj/LocalizedTimeAgo.strings; sourceTree = "<group>"; };
		0717C20A27CB37EC00FDAD22 /* ru */ = {isa = PBXFileReference; lastKnownFileType = text.plist.strings; name = ru; path = ru.lproj/LocalizedTimeAgo.strings; sourceTree = "<group>"; };
		0717C20B27CB37EC00FDAD22 /* cy */ = {isa = PBXFileReference; lastKnownFileType = text.plist.strings; name = cy; path = cy.lproj/LocalizedTimeAgo.strings; sourceTree = "<group>"; };
		0717C20C27CB37EC00FDAD22 /* fr */ = {isa = PBXFileReference; lastKnownFileType = text.plist.strings; name = fr; path = fr.lproj/LocalizedTimeAgo.strings; sourceTree = "<group>"; };
		0717C20D27CB37EC00FDAD22 /* fi */ = {isa = PBXFileReference; lastKnownFileType = text.plist.strings; name = fi; path = fi.lproj/LocalizedTimeAgo.strings; sourceTree = "<group>"; };
		0717C20E27CB37EC00FDAD22 /* id */ = {isa = PBXFileReference; lastKnownFileType = text.plist.strings; name = id; path = id.lproj/LocalizedTimeAgo.strings; sourceTree = "<group>"; };
		0717C20F27CB37EC00FDAD22 /* nl */ = {isa = PBXFileReference; lastKnownFileType = text.plist.strings; name = nl; path = nl.lproj/LocalizedTimeAgo.strings; sourceTree = "<group>"; };
		0717C21027CB37EC00FDAD22 /* th */ = {isa = PBXFileReference; lastKnownFileType = text.plist.strings; name = th; path = th.lproj/LocalizedTimeAgo.strings; sourceTree = "<group>"; };
		0717C21127CB37EC00FDAD22 /* pt */ = {isa = PBXFileReference; lastKnownFileType = text.plist.strings; name = pt; path = pt.lproj/LocalizedTimeAgo.strings; sourceTree = "<group>"; };
		0717C21227CB37EC00FDAD22 /* pt-PT */ = {isa = PBXFileReference; lastKnownFileType = text.plist.strings; name = "pt-PT"; path = "pt-PT.lproj/LocalizedTimeAgo.strings"; sourceTree = "<group>"; };
		0717C21327CB37EC00FDAD22 /* ro */ = {isa = PBXFileReference; lastKnownFileType = text.plist.strings; name = ro; path = ro.lproj/LocalizedTimeAgo.strings; sourceTree = "<group>"; };
		0717C21427CB37EC00FDAD22 /* hr */ = {isa = PBXFileReference; lastKnownFileType = text.plist.strings; name = hr; path = hr.lproj/LocalizedTimeAgo.strings; sourceTree = "<group>"; };
		0717C21527CB37EC00FDAD22 /* hi */ = {isa = PBXFileReference; lastKnownFileType = text.plist.strings; name = hi; path = hi.lproj/LocalizedTimeAgo.strings; sourceTree = "<group>"; };
		0717C21627CB37EC00FDAD22 /* ca */ = {isa = PBXFileReference; lastKnownFileType = text.plist.strings; name = ca; path = ca.lproj/LocalizedTimeAgo.strings; sourceTree = "<group>"; };
		9B3779B81E2A8F3C00D4301C /* LocalizedTimeAgo.framework */ = {isa = PBXFileReference; explicitFileType = wrapper.framework; includeInIndex = 0; path = LocalizedTimeAgo.framework; sourceTree = BUILT_PRODUCTS_DIR; };
		9B6A0C161E2C31F00096F61F /* LocalizedTimeAgo.framework */ = {isa = PBXFileReference; explicitFileType = wrapper.framework; includeInIndex = 0; path = LocalizedTimeAgo.framework; sourceTree = BUILT_PRODUCTS_DIR; };
		9B8A769F1E2DA8A60066B684 /* LocalizedTimeAgo.framework */ = {isa = PBXFileReference; explicitFileType = wrapper.framework; includeInIndex = 0; path = LocalizedTimeAgo.framework; sourceTree = BUILT_PRODUCTS_DIR; };
		9B8A76B01E2DA9430066B684 /* LocalizedTimeAgo.framework */ = {isa = PBXFileReference; explicitFileType = wrapper.framework; includeInIndex = 0; path = LocalizedTimeAgo.framework; sourceTree = BUILT_PRODUCTS_DIR; };
		9BF78C8B235387120029E819 /* Info.plist */ = {isa = PBXFileReference; fileEncoding = 4; lastKnownFileType = text.plist.xml; name = Info.plist; path = LocalizedTimeAgo/Info.plist; sourceTree = "<group>"; };
		9BF78C8C235387120029E819 /* LocalizedTimeAgo.h */ = {isa = PBXFileReference; fileEncoding = 4; lastKnownFileType = sourcecode.c.h; name = LocalizedTimeAgo.h; path = LocalizedTimeAgo/LocalizedTimeAgo.h; sourceTree = "<group>"; };
		9BF78C8D235387120029E819 /* LocalizedTimeAgo.swift */ = {isa = PBXFileReference; fileEncoding = 4; lastKnownFileType = sourcecode.swift; name = LocalizedTimeAgo.swift; path = LocalizedTimeAgo/LocalizedTimeAgo.swift; sourceTree = "<group>"; };
/* End PBXFileReference section */

/* Begin PBXFrameworksBuildPhase section */
		9B3779B41E2A8F3C00D4301C /* Frameworks */ = {
			isa = PBXFrameworksBuildPhase;
			buildActionMask = 2147483647;
			files = (
			);
			runOnlyForDeploymentPostprocessing = 0;
		};
		9B6A0C121E2C31F00096F61F /* Frameworks */ = {
			isa = PBXFrameworksBuildPhase;
			buildActionMask = 2147483647;
			files = (
			);
			runOnlyForDeploymentPostprocessing = 0;
		};
		9B8A769B1E2DA8A60066B684 /* Frameworks */ = {
			isa = PBXFrameworksBuildPhase;
			buildActionMask = 2147483647;
			files = (
			);
			runOnlyForDeploymentPostprocessing = 0;
		};
		9B8A76AC1E2DA9430066B684 /* Frameworks */ = {
			isa = PBXFrameworksBuildPhase;
			buildActionMask = 2147483647;
			files = (
			);
			runOnlyForDeploymentPostprocessing = 0;
		};
/* End PBXFrameworksBuildPhase section */

/* Begin PBXGroup section */
		0717C1EB27CB37EC00FDAD22 /* Resources */ = {
			isa = PBXGroup;
			children = (
				0717C1EC27CB37EC00FDAD22 /* LocalizedTimeAgo.strings */,
			);
			name = Resources;
			path = LocalizedTimeAgo/Resources;
			sourceTree = "<group>";
		};
		9B37799A1E2A8E0000D4301C = {
			isa = PBXGroup;
			children = (
				9B5A7AB42210F21700FD0C9D /* Sources */,
				9B3779A71E2A8E3800D4301C /* Products */,
			);
			sourceTree = "<group>";
		};
		9B3779A71E2A8E3800D4301C /* Products */ = {
			isa = PBXGroup;
			children = (
				9B3779B81E2A8F3C00D4301C /* LocalizedTimeAgo.framework */,
				9B6A0C161E2C31F00096F61F /* LocalizedTimeAgo.framework */,
				9B8A769F1E2DA8A60066B684 /* LocalizedTimeAgo.framework */,
				9B8A76B01E2DA9430066B684 /* LocalizedTimeAgo.framework */,
			);
			name = Products;
			sourceTree = "<group>";
		};
		9B5A7AB42210F21700FD0C9D /* Sources */ = {
			isa = PBXGroup;
			children = (
				9BF78C8B235387120029E819 /* Info.plist */,
				9BF78C8C235387120029E819 /* LocalizedTimeAgo.h */,
				9BF78C8D235387120029E819 /* LocalizedTimeAgo.swift */,
				0717C1EB27CB37EC00FDAD22 /* Resources */,
			);
			path = Sources;
			sourceTree = "<group>";
		};
/* End PBXGroup section */

/* Begin PBXHeadersBuildPhase section */
		9B3779B51E2A8F3C00D4301C /* Headers */ = {
			isa = PBXHeadersBuildPhase;
			buildActionMask = 2147483647;
			files = (
				9BF78C92235387120029E819 /* LocalizedTimeAgo.h in Headers */,
			);
			runOnlyForDeploymentPostprocessing = 0;
		};
		9B6A0C131E2C31F00096F61F /* Headers */ = {
			isa = PBXHeadersBuildPhase;
			buildActionMask = 2147483647;
			files = (
				9BF78C93235387120029E819 /* LocalizedTimeAgo.h in Headers */,
			);
			runOnlyForDeploymentPostprocessing = 0;
		};
		9B8A769C1E2DA8A60066B684 /* Headers */ = {
			isa = PBXHeadersBuildPhase;
			buildActionMask = 2147483647;
			files = (
				9BF78C94235387120029E819 /* LocalizedTimeAgo.h in Headers */,
			);
			runOnlyForDeploymentPostprocessing = 0;
		};
		9B8A76AD1E2DA9430066B684 /* Headers */ = {
			isa = PBXHeadersBuildPhase;
			buildActionMask = 2147483647;
			files = (
				9BF78C95235387120029E819 /* LocalizedTimeAgo.h in Headers */,
			);
			runOnlyForDeploymentPostprocessing = 0;
		};
/* End PBXHeadersBuildPhase section */

/* Begin PBXNativeTarget section */
		9B3779B71E2A8F3C00D4301C /* LocalizedTimeAgoMobile */ = {
			isa = PBXNativeTarget;
			buildConfigurationList = 9B3779BD1E2A8F3C00D4301C /* Build configuration list for PBXNativeTarget "LocalizedTimeAgoMobile" */;
			buildPhases = (
				9B3779B31E2A8F3C00D4301C /* Sources */,
				9B3779B41E2A8F3C00D4301C /* Frameworks */,
				9B3779B51E2A8F3C00D4301C /* Headers */,
				9B3779B61E2A8F3C00D4301C /* Resources */,
			);
			buildRules = (
			);
			dependencies = (
			);
			name = LocalizedTimeAgoMobile;
			productName = LocalizedTimeAgoMobile;
			productReference = 9B3779B81E2A8F3C00D4301C /* LocalizedTimeAgo.framework */;
			productType = "com.apple.product-type.framework";
		};
		9B6A0C151E2C31F00096F61F /* LocalizedTimeAgoMac */ = {
			isa = PBXNativeTarget;
			buildConfigurationList = 9B6A0C1B1E2C31F10096F61F /* Build configuration list for PBXNativeTarget "LocalizedTimeAgoMac" */;
			buildPhases = (
				9B6A0C111E2C31F00096F61F /* Sources */,
				9B6A0C121E2C31F00096F61F /* Frameworks */,
				9B6A0C131E2C31F00096F61F /* Headers */,
				9B6A0C141E2C31F00096F61F /* Resources */,
			);
			buildRules = (
			);
			dependencies = (
			);
			name = LocalizedTimeAgoMac;
			productName = LocalizedTimeAgoMac;
			productReference = 9B6A0C161E2C31F00096F61F /* LocalizedTimeAgo.framework */;
			productType = "com.apple.product-type.framework";
		};
		9B8A769E1E2DA8A60066B684 /* LocalizedTimeAgoTV */ = {
			isa = PBXNativeTarget;
			buildConfigurationList = 9B8A76A61E2DA8A60066B684 /* Build configuration list for PBXNativeTarget "LocalizedTimeAgoTV" */;
			buildPhases = (
				9B8A769A1E2DA8A60066B684 /* Sources */,
				9B8A769B1E2DA8A60066B684 /* Frameworks */,
				9B8A769C1E2DA8A60066B684 /* Headers */,
				9B8A769D1E2DA8A60066B684 /* Resources */,
			);
			buildRules = (
			);
			dependencies = (
			);
			name = LocalizedTimeAgoTV;
			productName = LocalizedTimeAgoTV;
			productReference = 9B8A769F1E2DA8A60066B684 /* LocalizedTimeAgo.framework */;
			productType = "com.apple.product-type.framework";
		};
		9B8A76AF1E2DA9430066B684 /* LocalizedTimeAgoWatch */ = {
			isa = PBXNativeTarget;
			buildConfigurationList = 9B8A76B51E2DA9430066B684 /* Build configuration list for PBXNativeTarget "LocalizedTimeAgoWatch" */;
			buildPhases = (
				9B8A76AB1E2DA9430066B684 /* Sources */,
				9B8A76AC1E2DA9430066B684 /* Frameworks */,
				9B8A76AD1E2DA9430066B684 /* Headers */,
				9B8A76AE1E2DA9430066B684 /* Resources */,
			);
			buildRules = (
			);
			dependencies = (
			);
			name = LocalizedTimeAgoWatch;
			productName = LocalizedTimeAgoWatch;
			productReference = 9B8A76B01E2DA9430066B684 /* LocalizedTimeAgo.framework */;
			productType = "com.apple.product-type.framework";
		};
/* End PBXNativeTarget section */

/* Begin PBXProject section */
		9B37799B1E2A8E0100D4301C /* Project object */ = {
			isa = PBXProject;
			attributes = {
				LastUpgradeCheck = 1320;
				TargetAttributes = {
					9B3779B71E2A8F3C00D4301C = {
						CreatedOnToolsVersion = 8.2.1;
						LastSwiftMigration = 1100;
						ProvisioningStyle = Automatic;
					};
					9B6A0C151E2C31F00096F61F = {
						CreatedOnToolsVersion = 8.2.1;
						LastSwiftMigration = 1100;
						ProvisioningStyle = Automatic;
					};
					9B8A769E1E2DA8A60066B684 = {
						CreatedOnToolsVersion = 8.2.1;
						LastSwiftMigration = 1100;
						ProvisioningStyle = Automatic;
					};
					9B8A76AF1E2DA9430066B684 = {
						CreatedOnToolsVersion = 8.2.1;
						LastSwiftMigration = 1100;
						ProvisioningStyle = Automatic;
					};
				};
			};
			buildConfigurationList = 9B37799E1E2A8E0100D4301C /* Build configuration list for PBXProject "LocalizedTimeAgo" */;
			compatibilityVersion = "Xcode 3.2";
			developmentRegion = en;
			hasScannedForEncodings = 0;
			knownRegions = (
				en,
				Base,
				de,
				he,
				ar,
				"zh-Hans",
				ja,
				eu,
				uk,
				gu,
				nb,
				am,
				es,
				is,
				sl,
				da,
				it,
				bg,
				sk,
				ms,
				sv,
				cs,
				ko,
				gre,
				el,
				"zh-Hant",
				hu,
				tr,
				pl,
				vi,
				lv,
				ru,
				cy,
				fr,
				fi,
				id,
				nl,
				th,
				pt,
				"pt-PT",
				ro,
				hr,
				hi,
				ca,
			);
			mainGroup = 9B37799A1E2A8E0000D4301C;
			productRefGroup = 9B3779A71E2A8E3800D4301C /* Products */;
			projectDirPath = "";
			projectRoot = "";
			targets = (
				9B3779B71E2A8F3C00D4301C /* LocalizedTimeAgoMobile */,
				9B6A0C151E2C31F00096F61F /* LocalizedTimeAgoMac */,
				9B8A769E1E2DA8A60066B684 /* LocalizedTimeAgoTV */,
				9B8A76AF1E2DA9430066B684 /* LocalizedTimeAgoWatch */,
			);
		};
/* End PBXProject section */

/* Begin PBXResourcesBuildPhase section */
		9B3779B61E2A8F3C00D4301C /* Resources */ = {
			isa = PBXResourcesBuildPhase;
			buildActionMask = 2147483647;
			files = (
				0717C21727CB37EC00FDAD22 /* LocalizedTimeAgo.strings in Resources */,
			);
			runOnlyForDeploymentPostprocessing = 0;
		};
		9B6A0C141E2C31F00096F61F /* Resources */ = {
			isa = PBXResourcesBuildPhase;
			buildActionMask = 2147483647;
			files = (
				0717C21827CB37EC00FDAD22 /* LocalizedTimeAgo.strings in Resources */,
			);
			runOnlyForDeploymentPostprocessing = 0;
		};
		9B8A769D1E2DA8A60066B684 /* Resources */ = {
			isa = PBXResourcesBuildPhase;
			buildActionMask = 2147483647;
			files = (
				0717C21927CB37EC00FDAD22 /* LocalizedTimeAgo.strings in Resources */,
			);
			runOnlyForDeploymentPostprocessing = 0;
		};
		9B8A76AE1E2DA9430066B684 /* Resources */ = {
			isa = PBXResourcesBuildPhase;
			buildActionMask = 2147483647;
			files = (
				0717C21A27CB37EC00FDAD22 /* LocalizedTimeAgo.strings in Resources */,
			);
			runOnlyForDeploymentPostprocessing = 0;
		};
/* End PBXResourcesBuildPhase section */

/* Begin PBXSourcesBuildPhase section */
		9B3779B31E2A8F3C00D4301C /* Sources */ = {
			isa = PBXSourcesBuildPhase;
			buildActionMask = 2147483647;
			files = (
				9BF78C96235387120029E819 /* LocalizedTimeAgo.swift in Sources */,
			);
			runOnlyForDeploymentPostprocessing = 0;
		};
		9B6A0C111E2C31F00096F61F /* Sources */ = {
			isa = PBXSourcesBuildPhase;
			buildActionMask = 2147483647;
			files = (
				9BF78C97235387120029E819 /* LocalizedTimeAgo.swift in Sources */,
			);
			runOnlyForDeploymentPostprocessing = 0;
		};
		9B8A769A1E2DA8A60066B684 /* Sources */ = {
			isa = PBXSourcesBuildPhase;
			buildActionMask = 2147483647;
			files = (
				9BF78C98235387120029E819 /* LocalizedTimeAgo.swift in Sources */,
			);
			runOnlyForDeploymentPostprocessing = 0;
		};
		9B8A76AB1E2DA9430066B684 /* Sources */ = {
			isa = PBXSourcesBuildPhase;
			buildActionMask = 2147483647;
			files = (
				9BF78C99235387120029E819 /* LocalizedTimeAgo.swift in Sources */,
			);
			runOnlyForDeploymentPostprocessing = 0;
		};
/* End PBXSourcesBuildPhase section */

/* Begin PBXVariantGroup section */
		0717C1EC27CB37EC00FDAD22 /* LocalizedTimeAgo.strings */ = {
			isa = PBXVariantGroup;
			children = (
				0717C1ED27CB37EC00FDAD22 /* de */,
				0717C1EE27CB37EC00FDAD22 /* he */,
				0717C1EF27CB37EC00FDAD22 /* ar */,
				0717C1F027CB37EC00FDAD22 /* zh-Hans */,
				0717C1F127CB37EC00FDAD22 /* ja */,
				0717C1F227CB37EC00FDAD22 /* eu */,
				0717C1F327CB37EC00FDAD22 /* en */,
				0717C1F427CB37EC00FDAD22 /* uk */,
				0717C1F527CB37EC00FDAD22 /* gu */,
				0717C1F627CB37EC00FDAD22 /* nb */,
				0717C1F727CB37EC00FDAD22 /* am */,
				0717C1F827CB37EC00FDAD22 /* es */,
				0717C1F927CB37EC00FDAD22 /* is */,
				0717C1FA27CB37EC00FDAD22 /* sl */,
				0717C1FB27CB37EC00FDAD22 /* da */,
				0717C1FC27CB37EC00FDAD22 /* it */,
				0717C1FD27CB37EC00FDAD22 /* bg */,
				0717C1FE27CB37EC00FDAD22 /* sk */,
				0717C1FF27CB37EC00FDAD22 /* ms */,
				0717C20027CB37EC00FDAD22 /* sv */,
				0717C20127CB37EC00FDAD22 /* cs */,
				0717C20227CB37EC00FDAD22 /* ko */,
				0717C20327CB37EC00FDAD22 /* gre */,
				0717C20427CB37EC00FDAD22 /* zh-Hant */,
				0717C20527CB37EC00FDAD22 /* hu */,
				0717C20627CB37EC00FDAD22 /* tr */,
				0717C20727CB37EC00FDAD22 /* pl */,
				0717C20827CB37EC00FDAD22 /* vi */,
				0717C20927CB37EC00FDAD22 /* lv */,
				0717C20A27CB37EC00FDAD22 /* ru */,
				0717C20B27CB37EC00FDAD22 /* cy */,
				0717C20C27CB37EC00FDAD22 /* fr */,
				0717C20D27CB37EC00FDAD22 /* fi */,
				0717C20E27CB37EC00FDAD22 /* id */,
				0717C20F27CB37EC00FDAD22 /* nl */,
				0717C21027CB37EC00FDAD22 /* th */,
				0717C21127CB37EC00FDAD22 /* pt */,
				0717C21227CB37EC00FDAD22 /* pt-PT */,
				0717C21327CB37EC00FDAD22 /* ro */,
				0717C21427CB37EC00FDAD22 /* hr */,
				0717C21527CB37EC00FDAD22 /* hi */,
				0717C21627CB37EC00FDAD22 /* ca */,
			);
			name = LocalizedTimeAgo.strings;
			sourceTree = "<group>";
		};
/* End PBXVariantGroup section */

/* Begin XCBuildConfiguration section */
		9B37799F1E2A8E0100D4301C /* Debug */ = {
			isa = XCBuildConfiguration;
			buildSettings = {
				CLANG_ANALYZER_LOCALIZABILITY_NONLOCALIZED = YES;
				CLANG_WARN_BLOCK_CAPTURE_AUTORELEASING = YES;
				CLANG_WARN_BOOL_CONVERSION = YES;
				CLANG_WARN_COMMA = YES;
				CLANG_WARN_CONSTANT_CONVERSION = YES;
				CLANG_WARN_DEPRECATED_OBJC_IMPLEMENTATIONS = YES;
				CLANG_WARN_EMPTY_BODY = YES;
				CLANG_WARN_ENUM_CONVERSION = YES;
				CLANG_WARN_INFINITE_RECURSION = YES;
				CLANG_WARN_INT_CONVERSION = YES;
				CLANG_WARN_NON_LITERAL_NULL_CONVERSION = YES;
				CLANG_WARN_OBJC_IMPLICIT_RETAIN_SELF = YES;
				CLANG_WARN_OBJC_LITERAL_CONVERSION = YES;
				CLANG_WARN_QUOTED_INCLUDE_IN_FRAMEWORK_HEADER = YES;
				CLANG_WARN_RANGE_LOOP_ANALYSIS = YES;
				CLANG_WARN_STRICT_PROTOTYPES = YES;
				CLANG_WARN_SUSPICIOUS_MOVE = YES;
				CLANG_WARN_UNREACHABLE_CODE = YES;
				CLANG_WARN__DUPLICATE_METHOD_MATCH = YES;
				ENABLE_STRICT_OBJC_MSGSEND = YES;
				ENABLE_TESTABILITY = YES;
				GCC_NO_COMMON_BLOCKS = YES;
				GCC_WARN_64_TO_32_BIT_CONVERSION = YES;
				GCC_WARN_ABOUT_RETURN_TYPE = YES;
				GCC_WARN_UNDECLARED_SELECTOR = YES;
				GCC_WARN_UNINITIALIZED_AUTOS = YES;
				GCC_WARN_UNUSED_FUNCTION = YES;
				GCC_WARN_UNUSED_VARIABLE = YES;
				ONLY_ACTIVE_ARCH = YES;
			};
			name = Debug;
		};
		9B3779A01E2A8E0100D4301C /* Release */ = {
			isa = XCBuildConfiguration;
			buildSettings = {
				CLANG_ANALYZER_LOCALIZABILITY_NONLOCALIZED = YES;
				CLANG_WARN_BLOCK_CAPTURE_AUTORELEASING = YES;
				CLANG_WARN_BOOL_CONVERSION = YES;
				CLANG_WARN_COMMA = YES;
				CLANG_WARN_CONSTANT_CONVERSION = YES;
				CLANG_WARN_DEPRECATED_OBJC_IMPLEMENTATIONS = YES;
				CLANG_WARN_EMPTY_BODY = YES;
				CLANG_WARN_ENUM_CONVERSION = YES;
				CLANG_WARN_INFINITE_RECURSION = YES;
				CLANG_WARN_INT_CONVERSION = YES;
				CLANG_WARN_NON_LITERAL_NULL_CONVERSION = YES;
				CLANG_WARN_OBJC_IMPLICIT_RETAIN_SELF = YES;
				CLANG_WARN_OBJC_LITERAL_CONVERSION = YES;
				CLANG_WARN_QUOTED_INCLUDE_IN_FRAMEWORK_HEADER = YES;
				CLANG_WARN_RANGE_LOOP_ANALYSIS = YES;
				CLANG_WARN_STRICT_PROTOTYPES = YES;
				CLANG_WARN_SUSPICIOUS_MOVE = YES;
				CLANG_WARN_UNREACHABLE_CODE = YES;
				CLANG_WARN__DUPLICATE_METHOD_MATCH = YES;
				ENABLE_STRICT_OBJC_MSGSEND = YES;
				GCC_NO_COMMON_BLOCKS = YES;
				GCC_WARN_64_TO_32_BIT_CONVERSION = YES;
				GCC_WARN_ABOUT_RETURN_TYPE = YES;
				GCC_WARN_UNDECLARED_SELECTOR = YES;
				GCC_WARN_UNINITIALIZED_AUTOS = YES;
				GCC_WARN_UNUSED_FUNCTION = YES;
				GCC_WARN_UNUSED_VARIABLE = YES;
			};
			name = Release;
		};
		9B3779BE1E2A8F3C00D4301C /* Debug */ = {
			isa = XCBuildConfiguration;
			buildSettings = {
				ALWAYS_SEARCH_USER_PATHS = NO;
				CLANG_ANALYZER_NONNULL = YES;
				CLANG_CXX_LANGUAGE_STANDARD = "gnu++0x";
				CLANG_CXX_LIBRARY = "libc++";
				CLANG_ENABLE_MODULES = YES;
				CLANG_ENABLE_OBJC_ARC = YES;
				CLANG_WARN_BOOL_CONVERSION = YES;
				CLANG_WARN_CONSTANT_CONVERSION = YES;
				CLANG_WARN_DIRECT_OBJC_ISA_USAGE = YES_ERROR;
				CLANG_WARN_DOCUMENTATION_COMMENTS = YES;
				CLANG_WARN_EMPTY_BODY = YES;
				CLANG_WARN_ENUM_CONVERSION = YES;
				CLANG_WARN_INFINITE_RECURSION = YES;
				CLANG_WARN_INT_CONVERSION = YES;
				CLANG_WARN_OBJC_ROOT_CLASS = YES_ERROR;
				CLANG_WARN_SUSPICIOUS_MOVE = YES;
				CLANG_WARN_UNREACHABLE_CODE = YES;
				CLANG_WARN__DUPLICATE_METHOD_MATCH = YES;
				CODE_SIGN_IDENTITY = "";
				"CODE_SIGN_IDENTITY[sdk=iphoneos*]" = "iPhone Developer";
				COPY_PHASE_STRIP = NO;
				CURRENT_PROJECT_VERSION = 1;
				DEBUG_INFORMATION_FORMAT = dwarf;
				DEFINES_MODULE = YES;
				DEVELOPMENT_TEAM = "";
				DYLIB_COMPATIBILITY_VERSION = 1;
				DYLIB_CURRENT_VERSION = 1;
				DYLIB_INSTALL_NAME_BASE = "@rpath";
				ENABLE_STRICT_OBJC_MSGSEND = YES;
				ENABLE_TESTABILITY = YES;
				GCC_C_LANGUAGE_STANDARD = gnu99;
				GCC_DYNAMIC_NO_PIC = NO;
				GCC_NO_COMMON_BLOCKS = YES;
				GCC_OPTIMIZATION_LEVEL = 0;
				GCC_PREPROCESSOR_DEFINITIONS = (
					"DEBUG=1",
					"$(inherited)",
				);
				GCC_WARN_64_TO_32_BIT_CONVERSION = YES;
				GCC_WARN_ABOUT_RETURN_TYPE = YES_ERROR;
				GCC_WARN_UNDECLARED_SELECTOR = YES;
				GCC_WARN_UNINITIALIZED_AUTOS = YES_AGGRESSIVE;
				GCC_WARN_UNUSED_FUNCTION = YES;
				GCC_WARN_UNUSED_VARIABLE = YES;
				INFOPLIST_FILE = Sources/LocalizedTimeAgo/Info.plist;
				INSTALL_PATH = "$(LOCAL_LIBRARY_DIR)/Frameworks";
				IPHONEOS_DEPLOYMENT_TARGET = 8.0;
				LD_RUNPATH_SEARCH_PATHS = "$(inherited) @executable_path/Frameworks @loader_path/Frameworks";
				MTL_ENABLE_DEBUG_INFO = YES;
				ONLY_ACTIVE_ARCH = YES;
				PRODUCT_BUNDLE_IDENTIFIER = com.toddkramer.LocalizedTimeAgoMobile;
				PRODUCT_NAME = LocalizedTimeAgo;
				SDKROOT = iphoneos;
				SKIP_INSTALL = YES;
				SWIFT_ACTIVE_COMPILATION_CONDITIONS = DEBUG;
				SWIFT_OPTIMIZATION_LEVEL = "-Onone";
				SWIFT_SWIFT3_OBJC_INFERENCE = Default;
				SWIFT_VERSION = 5.0;
				TARGETED_DEVICE_FAMILY = "1,2";
				VERSIONING_SYSTEM = "apple-generic";
				VERSION_INFO_PREFIX = "";
			};
			name = Debug;
		};
		9B3779BF1E2A8F3C00D4301C /* Release */ = {
			isa = XCBuildConfiguration;
			buildSettings = {
				ALWAYS_SEARCH_USER_PATHS = NO;
				CLANG_ANALYZER_NONNULL = YES;
				CLANG_CXX_LANGUAGE_STANDARD = "gnu++0x";
				CLANG_CXX_LIBRARY = "libc++";
				CLANG_ENABLE_MODULES = YES;
				CLANG_ENABLE_OBJC_ARC = YES;
				CLANG_WARN_BOOL_CONVERSION = YES;
				CLANG_WARN_CONSTANT_CONVERSION = YES;
				CLANG_WARN_DIRECT_OBJC_ISA_USAGE = YES_ERROR;
				CLANG_WARN_DOCUMENTATION_COMMENTS = YES;
				CLANG_WARN_EMPTY_BODY = YES;
				CLANG_WARN_ENUM_CONVERSION = YES;
				CLANG_WARN_INFINITE_RECURSION = YES;
				CLANG_WARN_INT_CONVERSION = YES;
				CLANG_WARN_OBJC_ROOT_CLASS = YES_ERROR;
				CLANG_WARN_SUSPICIOUS_MOVE = YES;
				CLANG_WARN_UNREACHABLE_CODE = YES;
				CLANG_WARN__DUPLICATE_METHOD_MATCH = YES;
				CODE_SIGN_IDENTITY = "";
				"CODE_SIGN_IDENTITY[sdk=iphoneos*]" = "iPhone Developer";
				COPY_PHASE_STRIP = NO;
				CURRENT_PROJECT_VERSION = 1;
				DEBUG_INFORMATION_FORMAT = "dwarf-with-dsym";
				DEFINES_MODULE = YES;
				DEVELOPMENT_TEAM = "";
				DYLIB_COMPATIBILITY_VERSION = 1;
				DYLIB_CURRENT_VERSION = 1;
				DYLIB_INSTALL_NAME_BASE = "@rpath";
				ENABLE_NS_ASSERTIONS = NO;
				ENABLE_STRICT_OBJC_MSGSEND = YES;
				GCC_C_LANGUAGE_STANDARD = gnu99;
				GCC_NO_COMMON_BLOCKS = YES;
				GCC_WARN_64_TO_32_BIT_CONVERSION = YES;
				GCC_WARN_ABOUT_RETURN_TYPE = YES_ERROR;
				GCC_WARN_UNDECLARED_SELECTOR = YES;
				GCC_WARN_UNINITIALIZED_AUTOS = YES_AGGRESSIVE;
				GCC_WARN_UNUSED_FUNCTION = YES;
				GCC_WARN_UNUSED_VARIABLE = YES;
				INFOPLIST_FILE = Sources/LocalizedTimeAgo/Info.plist;
				INSTALL_PATH = "$(LOCAL_LIBRARY_DIR)/Frameworks";
				IPHONEOS_DEPLOYMENT_TARGET = 8.0;
				LD_RUNPATH_SEARCH_PATHS = "$(inherited) @executable_path/Frameworks @loader_path/Frameworks";
				MTL_ENABLE_DEBUG_INFO = NO;
				PRODUCT_BUNDLE_IDENTIFIER = com.toddkramer.LocalizedTimeAgoMobile;
				PRODUCT_NAME = LocalizedTimeAgo;
				SDKROOT = iphoneos;
				SKIP_INSTALL = YES;
				SWIFT_OPTIMIZATION_LEVEL = "-Owholemodule";
				SWIFT_SWIFT3_OBJC_INFERENCE = Default;
				SWIFT_VERSION = 5.0;
				TARGETED_DEVICE_FAMILY = "1,2";
				VALIDATE_PRODUCT = YES;
				VERSIONING_SYSTEM = "apple-generic";
				VERSION_INFO_PREFIX = "";
			};
			name = Release;
		};
		9B6A0C1C1E2C31F10096F61F /* Debug */ = {
			isa = XCBuildConfiguration;
			buildSettings = {
				ALWAYS_SEARCH_USER_PATHS = NO;
				CLANG_ANALYZER_NONNULL = YES;
				CLANG_CXX_LANGUAGE_STANDARD = "gnu++0x";
				CLANG_CXX_LIBRARY = "libc++";
				CLANG_ENABLE_MODULES = YES;
				CLANG_ENABLE_OBJC_ARC = YES;
				CLANG_WARN_BOOL_CONVERSION = YES;
				CLANG_WARN_CONSTANT_CONVERSION = YES;
				CLANG_WARN_DIRECT_OBJC_ISA_USAGE = YES_ERROR;
				CLANG_WARN_DOCUMENTATION_COMMENTS = YES;
				CLANG_WARN_EMPTY_BODY = YES;
				CLANG_WARN_ENUM_CONVERSION = YES;
				CLANG_WARN_INFINITE_RECURSION = YES;
				CLANG_WARN_INT_CONVERSION = YES;
				CLANG_WARN_OBJC_ROOT_CLASS = YES_ERROR;
				CLANG_WARN_SUSPICIOUS_MOVE = YES;
				CLANG_WARN_UNREACHABLE_CODE = YES;
				CLANG_WARN__DUPLICATE_METHOD_MATCH = YES;
				CODE_SIGN_IDENTITY = "-";
				COMBINE_HIDPI_IMAGES = YES;
				COPY_PHASE_STRIP = NO;
				CURRENT_PROJECT_VERSION = 1;
				DEBUG_INFORMATION_FORMAT = dwarf;
				DEFINES_MODULE = YES;
				DEVELOPMENT_TEAM = "";
				DYLIB_COMPATIBILITY_VERSION = 1;
				DYLIB_CURRENT_VERSION = 1;
				DYLIB_INSTALL_NAME_BASE = "@rpath";
				ENABLE_STRICT_OBJC_MSGSEND = YES;
				ENABLE_TESTABILITY = YES;
				FRAMEWORK_VERSION = A;
				GCC_C_LANGUAGE_STANDARD = gnu99;
				GCC_DYNAMIC_NO_PIC = NO;
				GCC_NO_COMMON_BLOCKS = YES;
				GCC_OPTIMIZATION_LEVEL = 0;
				GCC_PREPROCESSOR_DEFINITIONS = (
					"DEBUG=1",
					"$(inherited)",
				);
				GCC_WARN_64_TO_32_BIT_CONVERSION = YES;
				GCC_WARN_ABOUT_RETURN_TYPE = YES_ERROR;
				GCC_WARN_UNDECLARED_SELECTOR = YES;
				GCC_WARN_UNINITIALIZED_AUTOS = YES_AGGRESSIVE;
				GCC_WARN_UNUSED_FUNCTION = YES;
				GCC_WARN_UNUSED_VARIABLE = YES;
				INFOPLIST_FILE = Sources/LocalizedTimeAgo/Info.plist;
				INSTALL_PATH = "$(LOCAL_LIBRARY_DIR)/Frameworks";
				LD_RUNPATH_SEARCH_PATHS = "$(inherited) @executable_path/../Frameworks @loader_path/Frameworks";
				MACOSX_DEPLOYMENT_TARGET = 10.10;
				MTL_ENABLE_DEBUG_INFO = YES;
				ONLY_ACTIVE_ARCH = YES;
				PRODUCT_BUNDLE_IDENTIFIER = com.toddkramer.LocalizedTimeAgoMac;
				PRODUCT_NAME = LocalizedTimeAgo;
				SDKROOT = macosx;
				SKIP_INSTALL = YES;
				SWIFT_ACTIVE_COMPILATION_CONDITIONS = DEBUG;
				SWIFT_OPTIMIZATION_LEVEL = "-Onone";
				SWIFT_SWIFT3_OBJC_INFERENCE = Default;
				SWIFT_VERSION = 5.0;
				VERSIONING_SYSTEM = "apple-generic";
				VERSION_INFO_PREFIX = "";
			};
			name = Debug;
		};
		9B6A0C1D1E2C31F10096F61F /* Release */ = {
			isa = XCBuildConfiguration;
			buildSettings = {
				ALWAYS_SEARCH_USER_PATHS = NO;
				CLANG_ANALYZER_NONNULL = YES;
				CLANG_CXX_LANGUAGE_STANDARD = "gnu++0x";
				CLANG_CXX_LIBRARY = "libc++";
				CLANG_ENABLE_MODULES = YES;
				CLANG_ENABLE_OBJC_ARC = YES;
				CLANG_WARN_BOOL_CONVERSION = YES;
				CLANG_WARN_CONSTANT_CONVERSION = YES;
				CLANG_WARN_DIRECT_OBJC_ISA_USAGE = YES_ERROR;
				CLANG_WARN_DOCUMENTATION_COMMENTS = YES;
				CLANG_WARN_EMPTY_BODY = YES;
				CLANG_WARN_ENUM_CONVERSION = YES;
				CLANG_WARN_INFINITE_RECURSION = YES;
				CLANG_WARN_INT_CONVERSION = YES;
				CLANG_WARN_OBJC_ROOT_CLASS = YES_ERROR;
				CLANG_WARN_SUSPICIOUS_MOVE = YES;
				CLANG_WARN_UNREACHABLE_CODE = YES;
				CLANG_WARN__DUPLICATE_METHOD_MATCH = YES;
				CODE_SIGN_IDENTITY = "-";
				COMBINE_HIDPI_IMAGES = YES;
				COPY_PHASE_STRIP = NO;
				CURRENT_PROJECT_VERSION = 1;
				DEBUG_INFORMATION_FORMAT = "dwarf-with-dsym";
				DEFINES_MODULE = YES;
				DEVELOPMENT_TEAM = "";
				DYLIB_COMPATIBILITY_VERSION = 1;
				DYLIB_CURRENT_VERSION = 1;
				DYLIB_INSTALL_NAME_BASE = "@rpath";
				ENABLE_NS_ASSERTIONS = NO;
				ENABLE_STRICT_OBJC_MSGSEND = YES;
				FRAMEWORK_VERSION = A;
				GCC_C_LANGUAGE_STANDARD = gnu99;
				GCC_NO_COMMON_BLOCKS = YES;
				GCC_WARN_64_TO_32_BIT_CONVERSION = YES;
				GCC_WARN_ABOUT_RETURN_TYPE = YES_ERROR;
				GCC_WARN_UNDECLARED_SELECTOR = YES;
				GCC_WARN_UNINITIALIZED_AUTOS = YES_AGGRESSIVE;
				GCC_WARN_UNUSED_FUNCTION = YES;
				GCC_WARN_UNUSED_VARIABLE = YES;
				INFOPLIST_FILE = Sources/LocalizedTimeAgo/Info.plist;
				INSTALL_PATH = "$(LOCAL_LIBRARY_DIR)/Frameworks";
				LD_RUNPATH_SEARCH_PATHS = "$(inherited) @executable_path/../Frameworks @loader_path/Frameworks";
				MACOSX_DEPLOYMENT_TARGET = 10.10;
				MTL_ENABLE_DEBUG_INFO = NO;
				PRODUCT_BUNDLE_IDENTIFIER = com.toddkramer.LocalizedTimeAgoMac;
				PRODUCT_NAME = LocalizedTimeAgo;
				SDKROOT = macosx;
				SKIP_INSTALL = YES;
				SWIFT_OPTIMIZATION_LEVEL = "-Owholemodule";
				SWIFT_SWIFT3_OBJC_INFERENCE = Default;
				SWIFT_VERSION = 5.0;
				VERSIONING_SYSTEM = "apple-generic";
				VERSION_INFO_PREFIX = "";
			};
			name = Release;
		};
		9B8A76A41E2DA8A60066B684 /* Debug */ = {
			isa = XCBuildConfiguration;
			buildSettings = {
				ALWAYS_SEARCH_USER_PATHS = NO;
				CLANG_ANALYZER_NONNULL = YES;
				CLANG_CXX_LANGUAGE_STANDARD = "gnu++0x";
				CLANG_CXX_LIBRARY = "libc++";
				CLANG_ENABLE_MODULES = YES;
				CLANG_ENABLE_OBJC_ARC = YES;
				CLANG_WARN_BOOL_CONVERSION = YES;
				CLANG_WARN_CONSTANT_CONVERSION = YES;
				CLANG_WARN_DIRECT_OBJC_ISA_USAGE = YES_ERROR;
				CLANG_WARN_DOCUMENTATION_COMMENTS = YES;
				CLANG_WARN_EMPTY_BODY = YES;
				CLANG_WARN_ENUM_CONVERSION = YES;
				CLANG_WARN_INFINITE_RECURSION = YES;
				CLANG_WARN_INT_CONVERSION = YES;
				CLANG_WARN_OBJC_ROOT_CLASS = YES_ERROR;
				CLANG_WARN_SUSPICIOUS_MOVE = YES;
				CLANG_WARN_UNREACHABLE_CODE = YES;
				CLANG_WARN__DUPLICATE_METHOD_MATCH = YES;
				CODE_SIGN_IDENTITY = "";
				COPY_PHASE_STRIP = NO;
				CURRENT_PROJECT_VERSION = 1;
				DEBUG_INFORMATION_FORMAT = dwarf;
				DEFINES_MODULE = YES;
				DEVELOPMENT_TEAM = "";
				DYLIB_COMPATIBILITY_VERSION = 1;
				DYLIB_CURRENT_VERSION = 1;
				DYLIB_INSTALL_NAME_BASE = "@rpath";
				ENABLE_STRICT_OBJC_MSGSEND = YES;
				ENABLE_TESTABILITY = YES;
				GCC_C_LANGUAGE_STANDARD = gnu99;
				GCC_DYNAMIC_NO_PIC = NO;
				GCC_NO_COMMON_BLOCKS = YES;
				GCC_OPTIMIZATION_LEVEL = 0;
				GCC_PREPROCESSOR_DEFINITIONS = (
					"DEBUG=1",
					"$(inherited)",
				);
				GCC_WARN_64_TO_32_BIT_CONVERSION = YES;
				GCC_WARN_ABOUT_RETURN_TYPE = YES_ERROR;
				GCC_WARN_UNDECLARED_SELECTOR = YES;
				GCC_WARN_UNINITIALIZED_AUTOS = YES_AGGRESSIVE;
				GCC_WARN_UNUSED_FUNCTION = YES;
				GCC_WARN_UNUSED_VARIABLE = YES;
				INFOPLIST_FILE = Sources/LocalizedTimeAgo/Info.plist;
				INSTALL_PATH = "$(LOCAL_LIBRARY_DIR)/Frameworks";
				LD_RUNPATH_SEARCH_PATHS = "$(inherited) @executable_path/Frameworks @loader_path/Frameworks";
				MTL_ENABLE_DEBUG_INFO = YES;
				ONLY_ACTIVE_ARCH = YES;
				PRODUCT_BUNDLE_IDENTIFIER = com.toddkramer.LocalizedTimeAgoTV;
				PRODUCT_NAME = LocalizedTimeAgo;
				SDKROOT = appletvos;
				SKIP_INSTALL = YES;
				SWIFT_ACTIVE_COMPILATION_CONDITIONS = DEBUG;
				SWIFT_OPTIMIZATION_LEVEL = "-Onone";
				SWIFT_VERSION = 5.0;
				TARGETED_DEVICE_FAMILY = 3;
				TVOS_DEPLOYMENT_TARGET = 9.0;
				VERSIONING_SYSTEM = "apple-generic";
				VERSION_INFO_PREFIX = "";
			};
			name = Debug;
		};
		9B8A76A51E2DA8A60066B684 /* Release */ = {
			isa = XCBuildConfiguration;
			buildSettings = {
				ALWAYS_SEARCH_USER_PATHS = NO;
				CLANG_ANALYZER_NONNULL = YES;
				CLANG_CXX_LANGUAGE_STANDARD = "gnu++0x";
				CLANG_CXX_LIBRARY = "libc++";
				CLANG_ENABLE_MODULES = YES;
				CLANG_ENABLE_OBJC_ARC = YES;
				CLANG_WARN_BOOL_CONVERSION = YES;
				CLANG_WARN_CONSTANT_CONVERSION = YES;
				CLANG_WARN_DIRECT_OBJC_ISA_USAGE = YES_ERROR;
				CLANG_WARN_DOCUMENTATION_COMMENTS = YES;
				CLANG_WARN_EMPTY_BODY = YES;
				CLANG_WARN_ENUM_CONVERSION = YES;
				CLANG_WARN_INFINITE_RECURSION = YES;
				CLANG_WARN_INT_CONVERSION = YES;
				CLANG_WARN_OBJC_ROOT_CLASS = YES_ERROR;
				CLANG_WARN_SUSPICIOUS_MOVE = YES;
				CLANG_WARN_UNREACHABLE_CODE = YES;
				CLANG_WARN__DUPLICATE_METHOD_MATCH = YES;
				CODE_SIGN_IDENTITY = "";
				COPY_PHASE_STRIP = NO;
				CURRENT_PROJECT_VERSION = 1;
				DEBUG_INFORMATION_FORMAT = "dwarf-with-dsym";
				DEFINES_MODULE = YES;
				DEVELOPMENT_TEAM = "";
				DYLIB_COMPATIBILITY_VERSION = 1;
				DYLIB_CURRENT_VERSION = 1;
				DYLIB_INSTALL_NAME_BASE = "@rpath";
				ENABLE_NS_ASSERTIONS = NO;
				ENABLE_STRICT_OBJC_MSGSEND = YES;
				GCC_C_LANGUAGE_STANDARD = gnu99;
				GCC_NO_COMMON_BLOCKS = YES;
				GCC_WARN_64_TO_32_BIT_CONVERSION = YES;
				GCC_WARN_ABOUT_RETURN_TYPE = YES_ERROR;
				GCC_WARN_UNDECLARED_SELECTOR = YES;
				GCC_WARN_UNINITIALIZED_AUTOS = YES_AGGRESSIVE;
				GCC_WARN_UNUSED_FUNCTION = YES;
				GCC_WARN_UNUSED_VARIABLE = YES;
				INFOPLIST_FILE = Sources/LocalizedTimeAgo/Info.plist;
				INSTALL_PATH = "$(LOCAL_LIBRARY_DIR)/Frameworks";
				LD_RUNPATH_SEARCH_PATHS = "$(inherited) @executable_path/Frameworks @loader_path/Frameworks";
				MTL_ENABLE_DEBUG_INFO = NO;
				PRODUCT_BUNDLE_IDENTIFIER = com.toddkramer.LocalizedTimeAgoTV;
				PRODUCT_NAME = LocalizedTimeAgo;
				SDKROOT = appletvos;
				SKIP_INSTALL = YES;
				SWIFT_OPTIMIZATION_LEVEL = "-Owholemodule";
				SWIFT_VERSION = 5.0;
				TARGETED_DEVICE_FAMILY = 3;
				TVOS_DEPLOYMENT_TARGET = 9.0;
				VALIDATE_PRODUCT = YES;
				VERSIONING_SYSTEM = "apple-generic";
				VERSION_INFO_PREFIX = "";
			};
			name = Release;
		};
		9B8A76B61E2DA9430066B684 /* Debug */ = {
			isa = XCBuildConfiguration;
			buildSettings = {
				ALWAYS_SEARCH_USER_PATHS = NO;
				APPLICATION_EXTENSION_API_ONLY = YES;
				CLANG_ANALYZER_NONNULL = YES;
				CLANG_CXX_LANGUAGE_STANDARD = "gnu++0x";
				CLANG_CXX_LIBRARY = "libc++";
				CLANG_ENABLE_MODULES = YES;
				CLANG_ENABLE_OBJC_ARC = YES;
				CLANG_WARN_BOOL_CONVERSION = YES;
				CLANG_WARN_CONSTANT_CONVERSION = YES;
				CLANG_WARN_DIRECT_OBJC_ISA_USAGE = YES_ERROR;
				CLANG_WARN_DOCUMENTATION_COMMENTS = YES;
				CLANG_WARN_EMPTY_BODY = YES;
				CLANG_WARN_ENUM_CONVERSION = YES;
				CLANG_WARN_INFINITE_RECURSION = YES;
				CLANG_WARN_INT_CONVERSION = YES;
				CLANG_WARN_OBJC_ROOT_CLASS = YES_ERROR;
				CLANG_WARN_SUSPICIOUS_MOVE = YES;
				CLANG_WARN_UNREACHABLE_CODE = YES;
				CLANG_WARN__DUPLICATE_METHOD_MATCH = YES;
				CODE_SIGN_IDENTITY = "";
				COPY_PHASE_STRIP = NO;
				CURRENT_PROJECT_VERSION = 1;
				DEBUG_INFORMATION_FORMAT = dwarf;
				DEFINES_MODULE = YES;
				DEVELOPMENT_TEAM = "";
				DYLIB_COMPATIBILITY_VERSION = 1;
				DYLIB_CURRENT_VERSION = 1;
				DYLIB_INSTALL_NAME_BASE = "@rpath";
				ENABLE_STRICT_OBJC_MSGSEND = YES;
				ENABLE_TESTABILITY = YES;
				GCC_C_LANGUAGE_STANDARD = gnu99;
				GCC_DYNAMIC_NO_PIC = NO;
				GCC_NO_COMMON_BLOCKS = YES;
				GCC_OPTIMIZATION_LEVEL = 0;
				GCC_PREPROCESSOR_DEFINITIONS = (
					"DEBUG=1",
					"$(inherited)",
				);
				GCC_WARN_64_TO_32_BIT_CONVERSION = YES;
				GCC_WARN_ABOUT_RETURN_TYPE = YES_ERROR;
				GCC_WARN_UNDECLARED_SELECTOR = YES;
				GCC_WARN_UNINITIALIZED_AUTOS = YES_AGGRESSIVE;
				GCC_WARN_UNUSED_FUNCTION = YES;
				GCC_WARN_UNUSED_VARIABLE = YES;
				INFOPLIST_FILE = Sources/LocalizedTimeAgo/Info.plist;
				INSTALL_PATH = "$(LOCAL_LIBRARY_DIR)/Frameworks";
				LD_RUNPATH_SEARCH_PATHS = "$(inherited) @executable_path/Frameworks @loader_path/Frameworks";
				MTL_ENABLE_DEBUG_INFO = YES;
				ONLY_ACTIVE_ARCH = YES;
				PRODUCT_BUNDLE_IDENTIFIER = com.toddkramer.LocalizedTimeAgoWatch;
				PRODUCT_NAME = LocalizedTimeAgo;
				SDKROOT = watchos;
				SKIP_INSTALL = YES;
				SWIFT_ACTIVE_COMPILATION_CONDITIONS = DEBUG;
				SWIFT_OPTIMIZATION_LEVEL = "-Onone";
				SWIFT_VERSION = 5.0;
				TARGETED_DEVICE_FAMILY = 4;
				VERSIONING_SYSTEM = "apple-generic";
				VERSION_INFO_PREFIX = "";
				WATCHOS_DEPLOYMENT_TARGET = 2.0;
			};
			name = Debug;
		};
		9B8A76B71E2DA9430066B684 /* Release */ = {
			isa = XCBuildConfiguration;
			buildSettings = {
				ALWAYS_SEARCH_USER_PATHS = NO;
				APPLICATION_EXTENSION_API_ONLY = YES;
				CLANG_ANALYZER_NONNULL = YES;
				CLANG_CXX_LANGUAGE_STANDARD = "gnu++0x";
				CLANG_CXX_LIBRARY = "libc++";
				CLANG_ENABLE_MODULES = YES;
				CLANG_ENABLE_OBJC_ARC = YES;
				CLANG_WARN_BOOL_CONVERSION = YES;
				CLANG_WARN_CONSTANT_CONVERSION = YES;
				CLANG_WARN_DIRECT_OBJC_ISA_USAGE = YES_ERROR;
				CLANG_WARN_DOCUMENTATION_COMMENTS = YES;
				CLANG_WARN_EMPTY_BODY = YES;
				CLANG_WARN_ENUM_CONVERSION = YES;
				CLANG_WARN_INFINITE_RECURSION = YES;
				CLANG_WARN_INT_CONVERSION = YES;
				CLANG_WARN_OBJC_ROOT_CLASS = YES_ERROR;
				CLANG_WARN_SUSPICIOUS_MOVE = YES;
				CLANG_WARN_UNREACHABLE_CODE = YES;
				CLANG_WARN__DUPLICATE_METHOD_MATCH = YES;
				CODE_SIGN_IDENTITY = "";
				COPY_PHASE_STRIP = NO;
				CURRENT_PROJECT_VERSION = 1;
				DEBUG_INFORMATION_FORMAT = "dwarf-with-dsym";
				DEFINES_MODULE = YES;
				DEVELOPMENT_TEAM = "";
				DYLIB_COMPATIBILITY_VERSION = 1;
				DYLIB_CURRENT_VERSION = 1;
				DYLIB_INSTALL_NAME_BASE = "@rpath";
				ENABLE_NS_ASSERTIONS = NO;
				ENABLE_STRICT_OBJC_MSGSEND = YES;
				GCC_C_LANGUAGE_STANDARD = gnu99;
				GCC_NO_COMMON_BLOCKS = YES;
				GCC_WARN_64_TO_32_BIT_CONVERSION = YES;
				GCC_WARN_ABOUT_RETURN_TYPE = YES_ERROR;
				GCC_WARN_UNDECLARED_SELECTOR = YES;
				GCC_WARN_UNINITIALIZED_AUTOS = YES_AGGRESSIVE;
				GCC_WARN_UNUSED_FUNCTION = YES;
				GCC_WARN_UNUSED_VARIABLE = YES;
				INFOPLIST_FILE = Sources/LocalizedTimeAgo/Info.plist;
				INSTALL_PATH = "$(LOCAL_LIBRARY_DIR)/Frameworks";
				LD_RUNPATH_SEARCH_PATHS = "$(inherited) @executable_path/Frameworks @loader_path/Frameworks";
				MTL_ENABLE_DEBUG_INFO = NO;
				PRODUCT_BUNDLE_IDENTIFIER = com.toddkramer.LocalizedTimeAgoWatch;
				PRODUCT_NAME = LocalizedTimeAgo;
				SDKROOT = watchos;
				SKIP_INSTALL = YES;
				SWIFT_OPTIMIZATION_LEVEL = "-Owholemodule";
				SWIFT_VERSION = 5.0;
				TARGETED_DEVICE_FAMILY = 4;
				VALIDATE_PRODUCT = YES;
				VERSIONING_SYSTEM = "apple-generic";
				VERSION_INFO_PREFIX = "";
				WATCHOS_DEPLOYMENT_TARGET = 2.0;
			};
			name = Release;
		};
/* End XCBuildConfiguration section */

/* Begin XCConfigurationList section */
		9B37799E1E2A8E0100D4301C /* Build configuration list for PBXProject "LocalizedTimeAgo" */ = {
			isa = XCConfigurationList;
			buildConfigurations = (
				9B37799F1E2A8E0100D4301C /* Debug */,
				9B3779A01E2A8E0100D4301C /* Release */,
			);
			defaultConfigurationIsVisible = 0;
			defaultConfigurationName = Release;
		};
		9B3779BD1E2A8F3C00D4301C /* Build configuration list for PBXNativeTarget "LocalizedTimeAgoMobile" */ = {
			isa = XCConfigurationList;
			buildConfigurations = (
				9B3779BE1E2A8F3C00D4301C /* Debug */,
				9B3779BF1E2A8F3C00D4301C /* Release */,
			);
			defaultConfigurationIsVisible = 0;
			defaultConfigurationName = Release;
		};
		9B6A0C1B1E2C31F10096F61F /* Build configuration list for PBXNativeTarget "LocalizedTimeAgoMac" */ = {
			isa = XCConfigurationList;
			buildConfigurations = (
				9B6A0C1C1E2C31F10096F61F /* Debug */,
				9B6A0C1D1E2C31F10096F61F /* Release */,
			);
			defaultConfigurationIsVisible = 0;
			defaultConfigurationName = Release;
		};
		9B8A76A61E2DA8A60066B684 /* Build configuration list for PBXNativeTarget "LocalizedTimeAgoTV" */ = {
			isa = XCConfigurationList;
			buildConfigurations = (
				9B8A76A41E2DA8A60066B684 /* Debug */,
				9B8A76A51E2DA8A60066B684 /* Release */,
			);
			defaultConfigurationIsVisible = 0;
			defaultConfigurationName = Release;
		};
		9B8A76B51E2DA9430066B684 /* Build configuration list for PBXNativeTarget "LocalizedTimeAgoWatch" */ = {
			isa = XCConfigurationList;
			buildConfigurations = (
				9B8A76B61E2DA9430066B684 /* Debug */,
				9B8A76B71E2DA9430066B684 /* Release */,
			);
			defaultConfigurationIsVisible = 0;
			defaultConfigurationName = Release;
		};
/* End XCConfigurationList section */
	};
	rootObject = 9B37799B1E2A8E0100D4301C /* Project object */;
}
